// !$*UTF8*$!
{
	archiveVersion = 1;
	classes = {
	};
	objectVersion = 55;
	objects = {

/* Begin PBXBuildFile section */
		5BDA9142290A378E00890696 /* AppDelegate.swift in Sources */ = {isa = PBXBuildFile; fileRef = 5BDA9141290A378E00890696 /* AppDelegate.swift */; };
		5BDA9144290A378E00890696 /* SceneDelegate.swift in Sources */ = {isa = PBXBuildFile; fileRef = 5BDA9143290A378E00890696 /* SceneDelegate.swift */; };
		5BDA9146290A378E00890696 /* ViewController.swift in Sources */ = {isa = PBXBuildFile; fileRef = 5BDA9145290A378E00890696 /* ViewController.swift */; };
		5BDA9149290A378E00890696 /* Main.storyboard in Resources */ = {isa = PBXBuildFile; fileRef = 5BDA9147290A378E00890696 /* Main.storyboard */; };
		5BDA914B290A379000890696 /* Assets.xcassets in Resources */ = {isa = PBXBuildFile; fileRef = 5BDA914A290A379000890696 /* Assets.xcassets */; };
		5BDA914E290A379000890696 /* LaunchScreen.storyboard in Resources */ = {isa = PBXBuildFile; fileRef = 5BDA914C290A379000890696 /* LaunchScreen.storyboard */; };
		5BDA9159290A379000890696 /* CiCdImplementationTests.swift in Sources */ = {isa = PBXBuildFile; fileRef = 5BDA9158290A379000890696 /* CiCdImplementationTests.swift */; };
		5BDA9163290A379000890696 /* CiCdImplementationUITests.swift in Sources */ = {isa = PBXBuildFile; fileRef = 5BDA9162290A379000890696 /* CiCdImplementationUITests.swift */; };
		5BDA9165290A379000890696 /* CiCdImplementationUITestsLaunchTests.swift in Sources */ = {isa = PBXBuildFile; fileRef = 5BDA9164290A379000890696 /* CiCdImplementationUITestsLaunchTests.swift */; };
/* End PBXBuildFile section */

/* Begin PBXContainerItemProxy section */
		5BDA9155290A379000890696 /* PBXContainerItemProxy */ = {
			isa = PBXContainerItemProxy;
			containerPortal = 5BDA9136290A378E00890696 /* Project object */;
			proxyType = 1;
			remoteGlobalIDString = 5BDA913D290A378E00890696;
			remoteInfo = CiCdImplementation;
		};
		5BDA915F290A379000890696 /* PBXContainerItemProxy */ = {
			isa = PBXContainerItemProxy;
			containerPortal = 5BDA9136290A378E00890696 /* Project object */;
			proxyType = 1;
			remoteGlobalIDString = 5BDA913D290A378E00890696;
			remoteInfo = CiCdImplementation;
		};
/* End PBXContainerItemProxy section */

/* Begin PBXFileReference section */
		5BDA913E290A378E00890696 /* CiCdImplementation.app */ = {isa = PBXFileReference; explicitFileType = wrapper.application; includeInIndex = 0; path = CiCdImplementation.app; sourceTree = BUILT_PRODUCTS_DIR; };
		5BDA9141290A378E00890696 /* AppDelegate.swift */ = {isa = PBXFileReference; lastKnownFileType = sourcecode.swift; path = AppDelegate.swift; sourceTree = "<group>"; };
		5BDA9143290A378E00890696 /* SceneDelegate.swift */ = {isa = PBXFileReference; lastKnownFileType = sourcecode.swift; path = SceneDelegate.swift; sourceTree = "<group>"; };
		5BDA9145290A378E00890696 /* ViewController.swift */ = {isa = PBXFileReference; lastKnownFileType = sourcecode.swift; path = ViewController.swift; sourceTree = "<group>"; };
		5BDA9148290A378E00890696 /* Base */ = {isa = PBXFileReference; lastKnownFileType = file.storyboard; name = Base; path = Base.lproj/Main.storyboard; sourceTree = "<group>"; };
		5BDA914A290A379000890696 /* Assets.xcassets */ = {isa = PBXFileReference; lastKnownFileType = folder.assetcatalog; path = Assets.xcassets; sourceTree = "<group>"; };
		5BDA914D290A379000890696 /* Base */ = {isa = PBXFileReference; lastKnownFileType = file.storyboard; name = Base; path = Base.lproj/LaunchScreen.storyboard; sourceTree = "<group>"; };
		5BDA914F290A379000890696 /* Info.plist */ = {isa = PBXFileReference; lastKnownFileType = text.plist.xml; path = Info.plist; sourceTree = "<group>"; };
		5BDA9154290A379000890696 /* CiCdImplementationTests.xctest */ = {isa = PBXFileReference; explicitFileType = wrapper.cfbundle; includeInIndex = 0; path = CiCdImplementationTests.xctest; sourceTree = BUILT_PRODUCTS_DIR; };
		5BDA9158290A379000890696 /* CiCdImplementationTests.swift */ = {isa = PBXFileReference; lastKnownFileType = sourcecode.swift; path = CiCdImplementationTests.swift; sourceTree = "<group>"; };
		5BDA915E290A379000890696 /* CiCdImplementationUITests.xctest */ = {isa = PBXFileReference; explicitFileType = wrapper.cfbundle; includeInIndex = 0; path = CiCdImplementationUITests.xctest; sourceTree = BUILT_PRODUCTS_DIR; };
		5BDA9162290A379000890696 /* CiCdImplementationUITests.swift */ = {isa = PBXFileReference; lastKnownFileType = sourcecode.swift; path = CiCdImplementationUITests.swift; sourceTree = "<group>"; };
		5BDA9164290A379000890696 /* CiCdImplementationUITestsLaunchTests.swift */ = {isa = PBXFileReference; lastKnownFileType = sourcecode.swift; path = CiCdImplementationUITestsLaunchTests.swift; sourceTree = "<group>"; };
/* End PBXFileReference section */

/* Begin PBXFrameworksBuildPhase section */
		5BDA913B290A378E00890696 /* Frameworks */ = {
			isa = PBXFrameworksBuildPhase;
			buildActionMask = 2147483647;
			files = (
			);
			runOnlyForDeploymentPostprocessing = 0;
		};
		5BDA9151290A379000890696 /* Frameworks */ = {
			isa = PBXFrameworksBuildPhase;
			buildActionMask = 2147483647;
			files = (
			);
			runOnlyForDeploymentPostprocessing = 0;
		};
		5BDA915B290A379000890696 /* Frameworks */ = {
			isa = PBXFrameworksBuildPhase;
			buildActionMask = 2147483647;
			files = (
			);
			runOnlyForDeploymentPostprocessing = 0;
		};
/* End PBXFrameworksBuildPhase section */

/* Begin PBXGroup section */
		5BDA9135290A378E00890696 = {
			isa = PBXGroup;
			children = (
				5BDA9140290A378E00890696 /* CiCdImplementation */,
				5BDA9157290A379000890696 /* CiCdImplementationTests */,
				5BDA9161290A379000890696 /* CiCdImplementationUITests */,
				5BDA913F290A378E00890696 /* Products */,
			);
			sourceTree = "<group>";
		};
		5BDA913F290A378E00890696 /* Products */ = {
			isa = PBXGroup;
			children = (
				5BDA913E290A378E00890696 /* CiCdImplementation.app */,
				5BDA9154290A379000890696 /* CiCdImplementationTests.xctest */,
				5BDA915E290A379000890696 /* CiCdImplementationUITests.xctest */,
			);
			name = Products;
			sourceTree = "<group>";
		};
		5BDA9140290A378E00890696 /* CiCdImplementation */ = {
			isa = PBXGroup;
			children = (
				5BDA9141290A378E00890696 /* AppDelegate.swift */,
				5BDA9143290A378E00890696 /* SceneDelegate.swift */,
				5BDA9145290A378E00890696 /* ViewController.swift */,
				5BDA9147290A378E00890696 /* Main.storyboard */,
				5BDA914A290A379000890696 /* Assets.xcassets */,
				5BDA914C290A379000890696 /* LaunchScreen.storyboard */,
				5BDA914F290A379000890696 /* Info.plist */,
			);
			path = CiCdImplementation;
			sourceTree = "<group>";
		};
		5BDA9157290A379000890696 /* CiCdImplementationTests */ = {
			isa = PBXGroup;
			children = (
				5BDA9158290A379000890696 /* CiCdImplementationTests.swift */,
			);
			path = CiCdImplementationTests;
			sourceTree = "<group>";
		};
		5BDA9161290A379000890696 /* CiCdImplementationUITests */ = {
			isa = PBXGroup;
			children = (
				5BDA9162290A379000890696 /* CiCdImplementationUITests.swift */,
				5BDA9164290A379000890696 /* CiCdImplementationUITestsLaunchTests.swift */,
			);
			path = CiCdImplementationUITests;
			sourceTree = "<group>";
		};
/* End PBXGroup section */

/* Begin PBXNativeTarget section */
		5BDA913D290A378E00890696 /* CiCdImplementation */ = {
			isa = PBXNativeTarget;
			buildConfigurationList = 5BDA9168290A379000890696 /* Build configuration list for PBXNativeTarget "CiCdImplementation" */;
			buildPhases = (
				5BDA913A290A378E00890696 /* Sources */,
				5BDA913B290A378E00890696 /* Frameworks */,
				5BDA913C290A378E00890696 /* Resources */,
			);
			buildRules = (
			);
			dependencies = (
			);
			name = CiCdImplementation;
			productName = CiCdImplementation;
			productReference = 5BDA913E290A378E00890696 /* CiCdImplementation.app */;
			productType = "com.apple.product-type.application";
		};
		5BDA9153290A379000890696 /* CiCdImplementationTests */ = {
			isa = PBXNativeTarget;
			buildConfigurationList = 5BDA916B290A379000890696 /* Build configuration list for PBXNativeTarget "CiCdImplementationTests" */;
			buildPhases = (
				5BDA9150290A379000890696 /* Sources */,
				5BDA9151290A379000890696 /* Frameworks */,
				5BDA9152290A379000890696 /* Resources */,
			);
			buildRules = (
			);
			dependencies = (
				5BDA9156290A379000890696 /* PBXTargetDependency */,
			);
			name = CiCdImplementationTests;
			productName = CiCdImplementationTests;
			productReference = 5BDA9154290A379000890696 /* CiCdImplementationTests.xctest */;
			productType = "com.apple.product-type.bundle.unit-test";
		};
		5BDA915D290A379000890696 /* CiCdImplementationUITests */ = {
			isa = PBXNativeTarget;
			buildConfigurationList = 5BDA916E290A379000890696 /* Build configuration list for PBXNativeTarget "CiCdImplementationUITests" */;
			buildPhases = (
				5BDA915A290A379000890696 /* Sources */,
				5BDA915B290A379000890696 /* Frameworks */,
				5BDA915C290A379000890696 /* Resources */,
			);
			buildRules = (
			);
			dependencies = (
				5BDA9160290A379000890696 /* PBXTargetDependency */,
			);
			name = CiCdImplementationUITests;
			productName = CiCdImplementationUITests;
			productReference = 5BDA915E290A379000890696 /* CiCdImplementationUITests.xctest */;
			productType = "com.apple.product-type.bundle.ui-testing";
		};
/* End PBXNativeTarget section */

/* Begin PBXProject section */
		5BDA9136290A378E00890696 /* Project object */ = {
			isa = PBXProject;
			attributes = {
				BuildIndependentTargetsInParallel = 1;
				LastSwiftUpdateCheck = 1340;
				LastUpgradeCheck = 1340;
				TargetAttributes = {
					5BDA913D290A378E00890696 = {
						CreatedOnToolsVersion = 13.4.1;
					};
					5BDA9153290A379000890696 = {
						CreatedOnToolsVersion = 13.4.1;
						TestTargetID = 5BDA913D290A378E00890696;
					};
					5BDA915D290A379000890696 = {
						CreatedOnToolsVersion = 13.4.1;
						TestTargetID = 5BDA913D290A378E00890696;
					};
				};
			};
			buildConfigurationList = 5BDA9139290A378E00890696 /* Build configuration list for PBXProject "CiCdImplementation" */;
			compatibilityVersion = "Xcode 13.0";
			developmentRegion = en;
			hasScannedForEncodings = 0;
			knownRegions = (
				en,
				Base,
			);
			mainGroup = 5BDA9135290A378E00890696;
			productRefGroup = 5BDA913F290A378E00890696 /* Products */;
			projectDirPath = "";
			projectRoot = "";
			targets = (
				5BDA913D290A378E00890696 /* CiCdImplementation */,
				5BDA9153290A379000890696 /* CiCdImplementationTests */,
				5BDA915D290A379000890696 /* CiCdImplementationUITests */,
			);
		};
/* End PBXProject section */

/* Begin PBXResourcesBuildPhase section */
		5BDA913C290A378E00890696 /* Resources */ = {
			isa = PBXResourcesBuildPhase;
			buildActionMask = 2147483647;
			files = (
				5BDA914E290A379000890696 /* LaunchScreen.storyboard in Resources */,
				5BDA914B290A379000890696 /* Assets.xcassets in Resources */,
				5BDA9149290A378E00890696 /* Main.storyboard in Resources */,
			);
			runOnlyForDeploymentPostprocessing = 0;
		};
		5BDA9152290A379000890696 /* Resources */ = {
			isa = PBXResourcesBuildPhase;
			buildActionMask = 2147483647;
			files = (
			);
			runOnlyForDeploymentPostprocessing = 0;
		};
		5BDA915C290A379000890696 /* Resources */ = {
			isa = PBXResourcesBuildPhase;
			buildActionMask = 2147483647;
			files = (
			);
			runOnlyForDeploymentPostprocessing = 0;
		};
/* End PBXResourcesBuildPhase section */

/* Begin PBXSourcesBuildPhase section */
		5BDA913A290A378E00890696 /* Sources */ = {
			isa = PBXSourcesBuildPhase;
			buildActionMask = 2147483647;
			files = (
				5BDA9146290A378E00890696 /* ViewController.swift in Sources */,
				5BDA9142290A378E00890696 /* AppDelegate.swift in Sources */,
				5BDA9144290A378E00890696 /* SceneDelegate.swift in Sources */,
			);
			runOnlyForDeploymentPostprocessing = 0;
		};
		5BDA9150290A379000890696 /* Sources */ = {
			isa = PBXSourcesBuildPhase;
			buildActionMask = 2147483647;
			files = (
				5BDA9159290A379000890696 /* CiCdImplementationTests.swift in Sources */,
			);
			runOnlyForDeploymentPostprocessing = 0;
		};
		5BDA915A290A379000890696 /* Sources */ = {
			isa = PBXSourcesBuildPhase;
			buildActionMask = 2147483647;
			files = (
				5BDA9163290A379000890696 /* CiCdImplementationUITests.swift in Sources */,
				5BDA9165290A379000890696 /* CiCdImplementationUITestsLaunchTests.swift in Sources */,
			);
			runOnlyForDeploymentPostprocessing = 0;
		};
/* End PBXSourcesBuildPhase section */

/* Begin PBXTargetDependency section */
		5BDA9156290A379000890696 /* PBXTargetDependency */ = {
			isa = PBXTargetDependency;
			target = 5BDA913D290A378E00890696 /* CiCdImplementation */;
			targetProxy = 5BDA9155290A379000890696 /* PBXContainerItemProxy */;
		};
		5BDA9160290A379000890696 /* PBXTargetDependency */ = {
			isa = PBXTargetDependency;
			target = 5BDA913D290A378E00890696 /* CiCdImplementation */;
			targetProxy = 5BDA915F290A379000890696 /* PBXContainerItemProxy */;
		};
/* End PBXTargetDependency section */

/* Begin PBXVariantGroup section */
		5BDA9147290A378E00890696 /* Main.storyboard */ = {
			isa = PBXVariantGroup;
			children = (
				5BDA9148290A378E00890696 /* Base */,
			);
			name = Main.storyboard;
			sourceTree = "<group>";
		};
		5BDA914C290A379000890696 /* LaunchScreen.storyboard */ = {
			isa = PBXVariantGroup;
			children = (
				5BDA914D290A379000890696 /* Base */,
			);
			name = LaunchScreen.storyboard;
			sourceTree = "<group>";
		};
/* End PBXVariantGroup section */

/* Begin XCBuildConfiguration section */
		5BDA9166290A379000890696 /* Debug */ = {
			isa = XCBuildConfiguration;
			buildSettings = {
				ALWAYS_SEARCH_USER_PATHS = NO;
				CLANG_ANALYZER_NONNULL = YES;
				CLANG_ANALYZER_NUMBER_OBJECT_CONVERSION = YES_AGGRESSIVE;
				CLANG_CXX_LANGUAGE_STANDARD = "gnu++17";
				CLANG_ENABLE_MODULES = YES;
				CLANG_ENABLE_OBJC_ARC = YES;
				CLANG_ENABLE_OBJC_WEAK = YES;
				CLANG_WARN_BLOCK_CAPTURE_AUTORELEASING = YES;
				CLANG_WARN_BOOL_CONVERSION = YES;
				CLANG_WARN_COMMA = YES;
				CLANG_WARN_CONSTANT_CONVERSION = YES;
				CLANG_WARN_DEPRECATED_OBJC_IMPLEMENTATIONS = YES;
				CLANG_WARN_DIRECT_OBJC_ISA_USAGE = YES_ERROR;
				CLANG_WARN_DOCUMENTATION_COMMENTS = YES;
				CLANG_WARN_EMPTY_BODY = YES;
				CLANG_WARN_ENUM_CONVERSION = YES;
				CLANG_WARN_INFINITE_RECURSION = YES;
				CLANG_WARN_INT_CONVERSION = YES;
				CLANG_WARN_NON_LITERAL_NULL_CONVERSION = YES;
				CLANG_WARN_OBJC_IMPLICIT_RETAIN_SELF = YES;
				CLANG_WARN_OBJC_LITERAL_CONVERSION = YES;
				CLANG_WARN_OBJC_ROOT_CLASS = YES_ERROR;
				CLANG_WARN_QUOTED_INCLUDE_IN_FRAMEWORK_HEADER = YES;
				CLANG_WARN_RANGE_LOOP_ANALYSIS = YES;
				CLANG_WARN_STRICT_PROTOTYPES = YES;
				CLANG_WARN_SUSPICIOUS_MOVE = YES;
				CLANG_WARN_UNGUARDED_AVAILABILITY = YES_AGGRESSIVE;
				CLANG_WARN_UNREACHABLE_CODE = YES;
				CLANG_WARN__DUPLICATE_METHOD_MATCH = YES;
				COPY_PHASE_STRIP = NO;
				DEBUG_INFORMATION_FORMAT = dwarf;
				ENABLE_STRICT_OBJC_MSGSEND = YES;
				ENABLE_TESTABILITY = YES;
				GCC_C_LANGUAGE_STANDARD = gnu11;
				GCC_DYNAMIC_NO_PIC = NO;
				GCC_NO_COMMON_BLOCKS = YES;
				GCC_OPTIMIZATION_LEVEL = 0;
				GCC_PREPROCESSOR_DEFINITIONS = (
					"DEBUG=1",
					"$(inherited)",
				);
				GCC_WARN_64_TO_32_BIT_CONVERSION = YES;
				GCC_WARN_ABOUT_RETURN_TYPE = YES_ERROR;
				GCC_WARN_UNDECLARED_SELECTOR = YES;
				GCC_WARN_UNINITIALIZED_AUTOS = YES_AGGRESSIVE;
				GCC_WARN_UNUSED_FUNCTION = YES;
				GCC_WARN_UNUSED_VARIABLE = YES;
				IPHONEOS_DEPLOYMENT_TARGET = 15.0;
				MTL_ENABLE_DEBUG_INFO = INCLUDE_SOURCE;
				MTL_FAST_MATH = YES;
				ONLY_ACTIVE_ARCH = YES;
				SDKROOT = iphoneos;
				SWIFT_ACTIVE_COMPILATION_CONDITIONS = DEBUG;
				SWIFT_OPTIMIZATION_LEVEL = "-Onone";
			};
			name = Debug;
		};
		5BDA9167290A379000890696 /* Release */ = {
			isa = XCBuildConfiguration;
			buildSettings = {
				ALWAYS_SEARCH_USER_PATHS = NO;
				CLANG_ANALYZER_NONNULL = YES;
				CLANG_ANALYZER_NUMBER_OBJECT_CONVERSION = YES_AGGRESSIVE;
				CLANG_CXX_LANGUAGE_STANDARD = "gnu++17";
				CLANG_ENABLE_MODULES = YES;
				CLANG_ENABLE_OBJC_ARC = YES;
				CLANG_ENABLE_OBJC_WEAK = YES;
				CLANG_WARN_BLOCK_CAPTURE_AUTORELEASING = YES;
				CLANG_WARN_BOOL_CONVERSION = YES;
				CLANG_WARN_COMMA = YES;
				CLANG_WARN_CONSTANT_CONVERSION = YES;
				CLANG_WARN_DEPRECATED_OBJC_IMPLEMENTATIONS = YES;
				CLANG_WARN_DIRECT_OBJC_ISA_USAGE = YES_ERROR;
				CLANG_WARN_DOCUMENTATION_COMMENTS = YES;
				CLANG_WARN_EMPTY_BODY = YES;
				CLANG_WARN_ENUM_CONVERSION = YES;
				CLANG_WARN_INFINITE_RECURSION = YES;
				CLANG_WARN_INT_CONVERSION = YES;
				CLANG_WARN_NON_LITERAL_NULL_CONVERSION = YES;
				CLANG_WARN_OBJC_IMPLICIT_RETAIN_SELF = YES;
				CLANG_WARN_OBJC_LITERAL_CONVERSION = YES;
				CLANG_WARN_OBJC_ROOT_CLASS = YES_ERROR;
				CLANG_WARN_QUOTED_INCLUDE_IN_FRAMEWORK_HEADER = YES;
				CLANG_WARN_RANGE_LOOP_ANALYSIS = YES;
				CLANG_WARN_STRICT_PROTOTYPES = YES;
				CLANG_WARN_SUSPICIOUS_MOVE = YES;
				CLANG_WARN_UNGUARDED_AVAILABILITY = YES_AGGRESSIVE;
				CLANG_WARN_UNREACHABLE_CODE = YES;
				CLANG_WARN__DUPLICATE_METHOD_MATCH = YES;
				COPY_PHASE_STRIP = NO;
				DEBUG_INFORMATION_FORMAT = "dwarf-with-dsym";
				ENABLE_NS_ASSERTIONS = NO;
				ENABLE_STRICT_OBJC_MSGSEND = YES;
				GCC_C_LANGUAGE_STANDARD = gnu11;
				GCC_NO_COMMON_BLOCKS = YES;
				GCC_WARN_64_TO_32_BIT_CONVERSION = YES;
				GCC_WARN_ABOUT_RETURN_TYPE = YES_ERROR;
				GCC_WARN_UNDECLARED_SELECTOR = YES;
				GCC_WARN_UNINITIALIZED_AUTOS = YES_AGGRESSIVE;
				GCC_WARN_UNUSED_FUNCTION = YES;
				GCC_WARN_UNUSED_VARIABLE = YES;
				IPHONEOS_DEPLOYMENT_TARGET = 15.0;
				MTL_ENABLE_DEBUG_INFO = NO;
				MTL_FAST_MATH = YES;
				SDKROOT = iphoneos;
				SWIFT_COMPILATION_MODE = wholemodule;
				SWIFT_OPTIMIZATION_LEVEL = "-O";
				VALIDATE_PRODUCT = YES;
			};
			name = Release;
		};
		5BDA9169290A379000890696 /* Debug */ = {
			isa = XCBuildConfiguration;
			buildSettings = {
				ASSETCATALOG_COMPILER_APPICON_NAME = AppIcon;
				ASSETCATALOG_COMPILER_GLOBAL_ACCENT_COLOR_NAME = AccentColor;
				CODE_SIGN_STYLE = Automatic;
				CURRENT_PROJECT_VERSION = 1;
				GENERATE_INFOPLIST_FILE = YES;
				INFOPLIST_FILE = CiCdImplementation/Info.plist;
				INFOPLIST_KEY_UIApplicationSupportsIndirectInputEvents = YES;
				INFOPLIST_KEY_UILaunchStoryboardName = LaunchScreen;
				INFOPLIST_KEY_UIMainStoryboardFile = Main;
				INFOPLIST_KEY_UISupportedInterfaceOrientations_iPad = "UIInterfaceOrientationPortrait UIInterfaceOrientationPortraitUpsideDown UIInterfaceOrientationLandscapeLeft UIInterfaceOrientationLandscapeRight";
				INFOPLIST_KEY_UISupportedInterfaceOrientations_iPhone = "UIInterfaceOrientationPortrait UIInterfaceOrientationLandscapeLeft UIInterfaceOrientationLandscapeRight";
				LD_RUNPATH_SEARCH_PATHS = (
					"$(inherited)",
					"@executable_path/Frameworks",
				);
				MARKETING_VERSION = 1.0;
				PRODUCT_BUNDLE_IDENTIFIER = TicTacToe.CiCdImplementation;
				PRODUCT_NAME = "$(TARGET_NAME)";
				SWIFT_EMIT_LOC_STRINGS = YES;
				SWIFT_VERSION = 5.0;
				TARGETED_DEVICE_FAMILY = "1,2";
			};
			name = Debug;
		};
		5BDA916A290A379000890696 /* Release */ = {
			isa = XCBuildConfiguration;
			buildSettings = {
				ASSETCATALOG_COMPILER_APPICON_NAME = AppIcon;
				ASSETCATALOG_COMPILER_GLOBAL_ACCENT_COLOR_NAME = AccentColor;
				CODE_SIGN_STYLE = Automatic;
				CURRENT_PROJECT_VERSION = 1;
				GENERATE_INFOPLIST_FILE = YES;
				INFOPLIST_FILE = CiCdImplementation/Info.plist;
				INFOPLIST_KEY_UIApplicationSupportsIndirectInputEvents = YES;
				INFOPLIST_KEY_UILaunchStoryboardName = LaunchScreen;
				INFOPLIST_KEY_UIMainStoryboardFile = Main;
				INFOPLIST_KEY_UISupportedInterfaceOrientations_iPad = "UIInterfaceOrientationPortrait UIInterfaceOrientationPortraitUpsideDown UIInterfaceOrientationLandscapeLeft UIInterfaceOrientationLandscapeRight";
				INFOPLIST_KEY_UISupportedInterfaceOrientations_iPhone = "UIInterfaceOrientationPortrait UIInterfaceOrientationLandscapeLeft UIInterfaceOrientationLandscapeRight";
				LD_RUNPATH_SEARCH_PATHS = (
					"$(inherited)",
					"@executable_path/Frameworks",
				);
				MARKETING_VERSION = 1.0;
				PRODUCT_BUNDLE_IDENTIFIER = TicTacToe.CiCdImplementation;
				PRODUCT_NAME = "$(TARGET_NAME)";
				SWIFT_EMIT_LOC_STRINGS = YES;
				SWIFT_VERSION = 5.0;
				TARGETED_DEVICE_FAMILY = "1,2";
			};
			name = Release;
		};
		5BDA916C290A379000890696 /* Debug */ = {
			isa = XCBuildConfiguration;
			buildSettings = {
				ALWAYS_EMBED_SWIFT_STANDARD_LIBRARIES = YES;
				BUNDLE_LOADER = "$(TEST_HOST)";
				CODE_SIGN_STYLE = Automatic;
				CURRENT_PROJECT_VERSION = 1;
				GENERATE_INFOPLIST_FILE = YES;
				IPHONEOS_DEPLOYMENT_TARGET = 15.0;
				MARKETING_VERSION = 1.0;
				PRODUCT_BUNDLE_IDENTIFIER = TicTacToe.CiCdImplementationTests;
				PRODUCT_NAME = "$(TARGET_NAME)";
				SWIFT_EMIT_LOC_STRINGS = NO;
				SWIFT_VERSION = 5.0;
				TARGETED_DEVICE_FAMILY = "1,2";
				TEST_HOST = "$(BUILT_PRODUCTS_DIR)/CiCdImplementation.app/CiCdImplementation";
			};
			name = Debug;
		};
		5BDA916D290A379000890696 /* Release */ = {
			isa = XCBuildConfiguration;
			buildSettings = {
				ALWAYS_EMBED_SWIFT_STANDARD_LIBRARIES = YES;
				BUNDLE_LOADER = "$(TEST_HOST)";
				CODE_SIGN_STYLE = Automatic;
				CURRENT_PROJECT_VERSION = 1;
				GENERATE_INFOPLIST_FILE = YES;
				IPHONEOS_DEPLOYMENT_TARGET = 15.0;
				MARKETING_VERSION = 1.0;
				PRODUCT_BUNDLE_IDENTIFIER = TicTacToe.CiCdImplementationTests;
				PRODUCT_NAME = "$(TARGET_NAME)";
				SWIFT_EMIT_LOC_STRINGS = NO;
				SWIFT_VERSION = 5.0;
				TARGETED_DEVICE_FAMILY = "1,2";
				TEST_HOST = "$(BUILT_PRODUCTS_DIR)/CiCdImplementation.app/CiCdImplementation";
			};
			name = Release;
		};
		5BDA916F290A379000890696 /* Debug */ = {
			isa = XCBuildConfiguration;
			buildSettings = {
				ALWAYS_EMBED_SWIFT_STANDARD_LIBRARIES = YES;
				CODE_SIGN_STYLE = Automatic;
				CURRENT_PROJECT_VERSION = 1;
				GENERATE_INFOPLIST_FILE = YES;
				MARKETING_VERSION = 1.0;
				PRODUCT_BUNDLE_IDENTIFIER = TicTacToe.CiCdImplementationUITests;
				PRODUCT_NAME = "$(TARGET_NAME)";
				SWIFT_EMIT_LOC_STRINGS = NO;
				SWIFT_VERSION = 5.0;
				TARGETED_DEVICE_FAMILY = "1,2";
				TEST_TARGET_NAME = CiCdImplementation;
			};
			name = Debug;
		};
		5BDA9170290A379000890696 /* Release */ = {
			isa = XCBuildConfiguration;
			buildSettings = {
				ALWAYS_EMBED_SWIFT_STANDARD_LIBRARIES = YES;
				CODE_SIGN_STYLE = Automatic;
				CURRENT_PROJECT_VERSION = 1;
				GENERATE_INFOPLIST_FILE = YES;
				MARKETING_VERSION = 1.0;
				PRODUCT_BUNDLE_IDENTIFIER = TicTacToe.CiCdImplementationUITests;
				PRODUCT_NAME = "$(TARGET_NAME)";
				SWIFT_EMIT_LOC_STRINGS = NO;
				SWIFT_VERSION = 5.0;
				TARGETED_DEVICE_FAMILY = "1,2";
				TEST_TARGET_NAME = CiCdImplementation;
			};
			name = Release;
		};
/* End XCBuildConfiguration section */

/* Begin XCConfigurationList section */
		5BDA9139290A378E00890696 /* Build configuration list for PBXProject "CiCdImplementation" */ = {
			isa = XCConfigurationList;
			buildConfigurations = (
				5BDA9166290A379000890696 /* Debug */,
				5BDA9167290A379000890696 /* Release */,
			);
			defaultConfigurationIsVisible = 0;
			defaultConfigurationName = Release;
		};
		5BDA9168290A379000890696 /* Build configuration list for PBXNativeTarget "CiCdImplementation" */ = {
			isa = XCConfigurationList;
			buildConfigurations = (
				5BDA9169290A379000890696 /* Debug */,
				5BDA916A290A379000890696 /* Release */,
			);
			defaultConfigurationIsVisible = 0;
			defaultConfigurationName = Release;
		};
		5BDA916B290A379000890696 /* Build configuration list for PBXNativeTarget "CiCdImplementationTests" */ = {
			isa = XCConfigurationList;
			buildConfigurations = (
				5BDA916C290A379000890696 /* Debug */,
				5BDA916D290A379000890696 /* Release */,
			);
			defaultConfigurationIsVisible = 0;
			defaultConfigurationName = Release;
		};
		5BDA916E290A379000890696 /* Build configuration list for PBXNativeTarget "CiCdImplementationUITests" */ = {
			isa = XCConfigurationList;
			buildConfigurations = (
				5BDA916F290A379000890696 /* Debug */,
				5BDA9170290A379000890696 /* Release */,
			);
			defaultConfigurationIsVisible = 0;
			defaultConfigurationName = Release;
		};
/* End XCConfigurationList section */
	};
	rootObject = 5BDA9136290A378E00890696 /* Project object */;
}
